
Microsoft Visual Studio Solution File, Format Version 12.00
# Visual Studio Version 16
VisualStudioVersion = 16.0.29326.143
MinimumVisualStudioVersion = 10.0.40219.1
Project("{FAE04EC0-301F-11D3-BF4B-00C04F79EFBC}") = "Seminar 9 - Bun", "Seminar 9 - Bun\Seminar 9 - Bun.csproj", "{19DA281D-6B26-4682-A42F-F5094FAD0C54}"
EndProject
Global
	GlobalSection(SolutionConfigurationPlatforms) = preSolution
		Debug|Any CPU = Debug|Any CPU
		Release|Any CPU = Release|Any CPU
	EndGlobalSection
	GlobalSection(ProjectConfigurationPlatforms) = postSolution
		{19DA281D-6B26-4682-A42F-F5094FAD0C54}.Debug|Any CPU.ActiveCfg = Debug|Any CPU
		{19DA281D-6B26-4682-A42F-F5094FAD0C54}.Debug|Any CPU.Build.0 = Debug|Any CPU
		{19DA281D-6B26-4682-A42F-F5094FAD0C54}.Release|Any CPU.ActiveCfg = Release|Any CPU
		{19DA281D-6B26-4682-A42F-F5094FAD0C54}.Release|Any CPU.Build.0 = Release|Any CPU
	EndGlobalSection
	GlobalSection(SolutionProperties) = preSolution
		HideSolutionNode = FALSE
	EndGlobalSection
	GlobalSection(ExtensibilityGlobals) = postSolution
		SolutionGuid = {2B2B3BF5-AEC8-4E8F-9485-98ED89D91E89}
	EndGlobalSection
EndGlobal
