
Microsoft Visual Studio Solution File, Format Version 12.00
# Visual Studio Version 16
VisualStudioVersion = 16.0.29326.143
MinimumVisualStudioVersion = 10.0.40219.1
Project("{FAE04EC0-301F-11D3-BF4B-00C04F79EFBC}") = "Seminar nr 4 - Problema 3", "Seminar nr 4 - Problema 3\Seminar nr 4 - Problema 3.csproj", "{D1FF3445-D1EB-49C9-93A9-3B8AC5F69394}"
EndProject
Global
	GlobalSection(SolutionConfigurationPlatforms) = preSolution
		Debug|Any CPU = Debug|Any CPU
		Release|Any CPU = Release|Any CPU
	EndGlobalSection
	GlobalSection(ProjectConfigurationPlatforms) = postSolution
		{D1FF3445-D1EB-49C9-93A9-3B8AC5F69394}.Debug|Any CPU.ActiveCfg = Debug|Any CPU
		{D1FF3445-D1EB-49C9-93A9-3B8AC5F69394}.Debug|Any CPU.Build.0 = Debug|Any CPU
		{D1FF3445-D1EB-49C9-93A9-3B8AC5F69394}.Release|Any CPU.ActiveCfg = Release|Any CPU
		{D1FF3445-D1EB-49C9-93A9-3B8AC5F69394}.Release|Any CPU.Build.0 = Release|Any CPU
	EndGlobalSection
	GlobalSection(SolutionProperties) = preSolution
		HideSolutionNode = FALSE
	EndGlobalSection
	GlobalSection(ExtensibilityGlobals) = postSolution
		SolutionGuid = {EC9E7BCB-ABDE-4501-9CDA-C133826B8DD4}
	EndGlobalSection
EndGlobal
