
Microsoft Visual Studio Solution File, Format Version 12.00
# Visual Studio Version 16
VisualStudioVersion = 16.0.29326.143
MinimumVisualStudioVersion = 10.0.40219.1
Project("{FAE04EC0-301F-11D3-BF4B-00C04F79EFBC}") = "Seminar nr 7", "Seminar nr 7\Seminar nr 7.csproj", "{C6761481-494F-46B3-9C9D-DF119F5BE34E}"
EndProject
Global
	GlobalSection(SolutionConfigurationPlatforms) = preSolution
		Debug|Any CPU = Debug|Any CPU
		Release|Any CPU = Release|Any CPU
	EndGlobalSection
	GlobalSection(ProjectConfigurationPlatforms) = postSolution
		{C6761481-494F-46B3-9C9D-DF119F5BE34E}.Debug|Any CPU.ActiveCfg = Debug|Any CPU
		{C6761481-494F-46B3-9C9D-DF119F5BE34E}.Debug|Any CPU.Build.0 = Debug|Any CPU
		{C6761481-494F-46B3-9C9D-DF119F5BE34E}.Release|Any CPU.ActiveCfg = Release|Any CPU
		{C6761481-494F-46B3-9C9D-DF119F5BE34E}.Release|Any CPU.Build.0 = Release|Any CPU
	EndGlobalSection
	GlobalSection(SolutionProperties) = preSolution
		HideSolutionNode = FALSE
	EndGlobalSection
	GlobalSection(ExtensibilityGlobals) = postSolution
		SolutionGuid = {901901C3-9B7A-4B03-AE01-D8EF77906E89}
	EndGlobalSection
EndGlobal
