
Microsoft Visual Studio Solution File, Format Version 12.00
# Visual Studio Version 16
VisualStudioVersion = 16.0.29326.143
MinimumVisualStudioVersion = 10.0.40219.1
Project("{FAE04EC0-301F-11D3-BF4B-00C04F79EFBC}") = "Geometrie - Seminar 4, problema 1", "Geometrie - Seminar 4, problema 1\Geometrie - Seminar 4, problema 1.csproj", "{332B5387-E4F3-4076-82AC-0C57E1E04681}"
EndProject
Global
	GlobalSection(SolutionConfigurationPlatforms) = preSolution
		Debug|Any CPU = Debug|Any CPU
		Release|Any CPU = Release|Any CPU
	EndGlobalSection
	GlobalSection(ProjectConfigurationPlatforms) = postSolution
		{332B5387-E4F3-4076-82AC-0C57E1E04681}.Debug|Any CPU.ActiveCfg = Debug|Any CPU
		{332B5387-E4F3-4076-82AC-0C57E1E04681}.Debug|Any CPU.Build.0 = Debug|Any CPU
		{332B5387-E4F3-4076-82AC-0C57E1E04681}.Release|Any CPU.ActiveCfg = Release|Any CPU
		{332B5387-E4F3-4076-82AC-0C57E1E04681}.Release|Any CPU.Build.0 = Release|Any CPU
	EndGlobalSection
	GlobalSection(SolutionProperties) = preSolution
		HideSolutionNode = FALSE
	EndGlobalSection
	GlobalSection(ExtensibilityGlobals) = postSolution
		SolutionGuid = {7510FBFA-CBF2-49D1-A4E8-D6B902C73ABA}
	EndGlobalSection
EndGlobal
